
Microsoft Visual Studio Solution File, Format Version 12.00
# Visual Studio Version 17
VisualStudioVersion = 17.2.32630.192
MinimumVisualStudioVersion = 10.0.40219.1
Project("{FAE04EC0-301F-11D3-BF4B-00C04F79EFBC}") = "appExamen.net", "appExamen.net\appExamen.net.csproj", "{F6D2F779-BA7F-415A-99DF-26E50B824187}"
EndProject
Global
	GlobalSection(SolutionConfigurationPlatforms) = preSolution
		Debug|Any CPU = Debug|Any CPU
		Release|Any CPU = Release|Any CPU
	EndGlobalSection
	GlobalSection(ProjectConfigurationPlatforms) = postSolution
		{F6D2F779-BA7F-415A-99DF-26E50B824187}.Debug|Any CPU.ActiveCfg = Debug|Any CPU
		{F6D2F779-BA7F-415A-99DF-26E50B824187}.Debug|Any CPU.Build.0 = Debug|Any CPU
		{F6D2F779-BA7F-415A-99DF-26E50B824187}.Release|Any CPU.ActiveCfg = Release|Any CPU
		{F6D2F779-BA7F-415A-99DF-26E50B824187}.Release|Any CPU.Build.0 = Release|Any CPU
	EndGlobalSection
	GlobalSection(SolutionProperties) = preSolution
		HideSolutionNode = FALSE
	EndGlobalSection
	GlobalSection(ExtensibilityGlobals) = postSolution
		SolutionGuid = {72A6D52C-421A-4E38-9E3E-99FAF8BF598C}
	EndGlobalSection
EndGlobal
